
Microsoft Visual Studio Solution File, Format Version 12.00
# Visual Studio 14
VisualStudioVersion = 14.0.22823.1
MinimumVisualStudioVersion = 10.0.40219.1
Project("{FAE04EC0-301F-11D3-BF4B-00C04F79EFBC}") = "CrossWeather", "CrossWeather\CrossWeather\CrossWeather.csproj", "{74734B63-CB3D-47B6-8E80-86557A7CA657}"
EndProject
Project("{FAE04EC0-301F-11D3-BF4B-00C04F79EFBC}") = "CrossWeather.iOS", "CrossWeather\CrossWeather.iOS\CrossWeather.iOS.csproj", "{0BDE50CC-539D-4B4B-8CDE-491AD26CAC5C}"
EndProject
Project("{FAE04EC0-301F-11D3-BF4B-00C04F79EFBC}") = "CrossWeather.Droid", "CrossWeather\CrossWeather.Droid\CrossWeather.Droid.csproj", "{2E6C0E72-B66A-49FE-8FAF-3C239F200BC5}"
EndProject
Project("{FAE04EC0-301F-11D3-BF4B-00C04F79EFBC}") = "CrossWeather.WindowsStore", "CrossWeather.WindowsStore\CrossWeather.WindowsStore.csproj", "{471A3C4B-44D3-4F99-A6DA-79D589DAFDF3}"
EndProject
Project("{FAE04EC0-301F-11D3-BF4B-00C04F79EFBC}") = "CrossWeather.WindowsPhone", "CrossWeather.WindowsPhone\CrossWeather.WindowsPhone.csproj", "{2A112979-14A7-483E-B431-12D83D143DF3}"
EndProject
Project("{FAE04EC0-301F-11D3-BF4B-00C04F79EFBC}") = "WinRTShared", "WinRTShared\WinRTShared.csproj", "{E7D000FE-37B5-4378-AA31-D3092541F908}"
EndProject
Project("{FAE04EC0-301F-11D3-BF4B-00C04F79EFBC}") = "UITesting", "UITesting\UITesting.csproj", "{4018765D-A3EB-43C8-9A58-0C0CD814B479}"
EndProject
Global
	GlobalSection(SolutionConfigurationPlatforms) = preSolution
		Ad-Hoc|Any CPU = Ad-Hoc|Any CPU
		Ad-Hoc|ARM = Ad-Hoc|ARM
		Ad-Hoc|iPhone = Ad-Hoc|iPhone
		Ad-Hoc|iPhoneSimulator = Ad-Hoc|iPhoneSimulator
		Ad-Hoc|Mixed Platforms = Ad-Hoc|Mixed Platforms
		Ad-Hoc|x64 = Ad-Hoc|x64
		Ad-Hoc|x86 = Ad-Hoc|x86
		AppStore|Any CPU = AppStore|Any CPU
		AppStore|ARM = AppStore|ARM
		AppStore|iPhone = AppStore|iPhone
		AppStore|iPhoneSimulator = AppStore|iPhoneSimulator
		AppStore|Mixed Platforms = AppStore|Mixed Platforms
		AppStore|x64 = AppStore|x64
		AppStore|x86 = AppStore|x86
		Debug|Any CPU = Debug|Any CPU
		Debug|ARM = Debug|ARM
		Debug|iPhone = Debug|iPhone
		Debug|iPhoneSimulator = Debug|iPhoneSimulator
		Debug|Mixed Platforms = Debug|Mixed Platforms
		Debug|x64 = Debug|x64
		Debug|x86 = Debug|x86
		Release|Any CPU = Release|Any CPU
		Release|ARM = Release|ARM
		Release|iPhone = Release|iPhone
		Release|iPhoneSimulator = Release|iPhoneSimulator
		Release|Mixed Platforms = Release|Mixed Platforms
		Release|x64 = Release|x64
		Release|x86 = Release|x86
	EndGlobalSection
	GlobalSection(ProjectConfigurationPlatforms) = postSolution
		{74734B63-CB3D-47B6-8E80-86557A7CA657}.Ad-Hoc|Any CPU.ActiveCfg = Release|Any CPU
		{74734B63-CB3D-47B6-8E80-86557A7CA657}.Ad-Hoc|Any CPU.Build.0 = Release|Any CPU
		{74734B63-CB3D-47B6-8E80-86557A7CA657}.Ad-Hoc|ARM.ActiveCfg = Release|Any CPU
		{74734B63-CB3D-47B6-8E80-86557A7CA657}.Ad-Hoc|iPhone.ActiveCfg = Release|Any CPU
		{74734B63-CB3D-47B6-8E80-86557A7CA657}.Ad-Hoc|iPhoneSimulator.ActiveCfg = Release|Any CPU
		{74734B63-CB3D-47B6-8E80-86557A7CA657}.Ad-Hoc|Mixed Platforms.ActiveCfg = Release|Any CPU
		{74734B63-CB3D-47B6-8E80-86557A7CA657}.Ad-Hoc|Mixed Platforms.Build.0 = Release|Any CPU
		{74734B63-CB3D-47B6-8E80-86557A7CA657}.Ad-Hoc|x64.ActiveCfg = Release|Any CPU
		{74734B63-CB3D-47B6-8E80-86557A7CA657}.Ad-Hoc|x86.ActiveCfg = Release|Any CPU
		{74734B63-CB3D-47B6-8E80-86557A7CA657}.AppStore|Any CPU.ActiveCfg = Release|Any CPU
		{74734B63-CB3D-47B6-8E80-86557A7CA657}.AppStore|Any CPU.Build.0 = Release|Any CPU
		{74734B63-CB3D-47B6-8E80-86557A7CA657}.AppStore|ARM.ActiveCfg = Release|Any CPU
		{74734B63-CB3D-47B6-8E80-86557A7CA657}.AppStore|iPhone.ActiveCfg = Release|Any CPU
		{74734B63-CB3D-47B6-8E80-86557A7CA657}.AppStore|iPhoneSimulator.ActiveCfg = Release|Any CPU
		{74734B63-CB3D-47B6-8E80-86557A7CA657}.AppStore|Mixed Platforms.ActiveCfg = Release|Any CPU
		{74734B63-CB3D-47B6-8E80-86557A7CA657}.AppStore|Mixed Platforms.Build.0 = Release|Any CPU
		{74734B63-CB3D-47B6-8E80-86557A7CA657}.AppStore|x64.ActiveCfg = Release|Any CPU
		{74734B63-CB3D-47B6-8E80-86557A7CA657}.AppStore|x86.ActiveCfg = Release|Any CPU
		{74734B63-CB3D-47B6-8E80-86557A7CA657}.Debug|Any CPU.ActiveCfg = Debug|Any CPU
		{74734B63-CB3D-47B6-8E80-86557A7CA657}.Debug|Any CPU.Build.0 = Debug|Any CPU
		{74734B63-CB3D-47B6-8E80-86557A7CA657}.Debug|ARM.ActiveCfg = Debug|Any CPU
		{74734B63-CB3D-47B6-8E80-86557A7CA657}.Debug|iPhone.ActiveCfg = Debug|Any CPU
		{74734B63-CB3D-47B6-8E80-86557A7CA657}.Debug|iPhoneSimulator.ActiveCfg = Debug|Any CPU
		{74734B63-CB3D-47B6-8E80-86557A7CA657}.Debug|Mixed Platforms.ActiveCfg = Debug|Any CPU
		{74734B63-CB3D-47B6-8E80-86557A7CA657}.Debug|Mixed Platforms.Build.0 = Debug|Any CPU
		{74734B63-CB3D-47B6-8E80-86557A7CA657}.Debug|x64.ActiveCfg = Debug|Any CPU
		{74734B63-CB3D-47B6-8E80-86557A7CA657}.Debug|x86.ActiveCfg = Debug|Any CPU
		{74734B63-CB3D-47B6-8E80-86557A7CA657}.Release|Any CPU.ActiveCfg = Release|Any CPU
		{74734B63-CB3D-47B6-8E80-86557A7CA657}.Release|Any CPU.Build.0 = Release|Any CPU
		{74734B63-CB3D-47B6-8E80-86557A7CA657}.Release|ARM.ActiveCfg = Release|Any CPU
		{74734B63-CB3D-47B6-8E80-86557A7CA657}.Release|iPhone.ActiveCfg = Release|Any CPU
		{74734B63-CB3D-47B6-8E80-86557A7CA657}.Release|iPhoneSimulator.ActiveCfg = Release|Any CPU
		{74734B63-CB3D-47B6-8E80-86557A7CA657}.Release|Mixed Platforms.ActiveCfg = Release|Any CPU
		{74734B63-CB3D-47B6-8E80-86557A7CA657}.Release|Mixed Platforms.Build.0 = Release|Any CPU
		{74734B63-CB3D-47B6-8E80-86557A7CA657}.Release|x64.ActiveCfg = Release|Any CPU
		{74734B63-CB3D-47B6-8E80-86557A7CA657}.Release|x86.ActiveCfg = Release|Any CPU
		{0BDE50CC-539D-4B4B-8CDE-491AD26CAC5C}.Ad-Hoc|Any CPU.ActiveCfg = Ad-Hoc|iPhone
		{0BDE50CC-539D-4B4B-8CDE-491AD26CAC5C}.Ad-Hoc|ARM.ActiveCfg = Ad-Hoc|iPhone
		{0BDE50CC-539D-4B4B-8CDE-491AD26CAC5C}.Ad-Hoc|iPhone.ActiveCfg = Ad-Hoc|iPhone
		{0BDE50CC-539D-4B4B-8CDE-491AD26CAC5C}.Ad-Hoc|iPhone.Build.0 = Ad-Hoc|iPhone
		{0BDE50CC-539D-4B4B-8CDE-491AD26CAC5C}.Ad-Hoc|iPhoneSimulator.ActiveCfg = Ad-Hoc|iPhoneSimulator
		{0BDE50CC-539D-4B4B-8CDE-491AD26CAC5C}.Ad-Hoc|iPhoneSimulator.Build.0 = Ad-Hoc|iPhoneSimulator
		{0BDE50CC-539D-4B4B-8CDE-491AD26CAC5C}.Ad-Hoc|Mixed Platforms.ActiveCfg = Ad-Hoc|iPhone
		{0BDE50CC-539D-4B4B-8CDE-491AD26CAC5C}.Ad-Hoc|Mixed Platforms.Build.0 = Ad-Hoc|iPhone
		{0BDE50CC-539D-4B4B-8CDE-491AD26CAC5C}.Ad-Hoc|x64.ActiveCfg = Ad-Hoc|iPhone
		{0BDE50CC-539D-4B4B-8CDE-491AD26CAC5C}.Ad-Hoc|x86.ActiveCfg = Ad-Hoc|iPhone
		{0BDE50CC-539D-4B4B-8CDE-491AD26CAC5C}.AppStore|Any CPU.ActiveCfg = AppStore|iPhone
		{0BDE50CC-539D-4B4B-8CDE-491AD26CAC5C}.AppStore|ARM.ActiveCfg = AppStore|iPhone
		{0BDE50CC-539D-4B4B-8CDE-491AD26CAC5C}.AppStore|iPhone.ActiveCfg = AppStore|iPhone
		{0BDE50CC-539D-4B4B-8CDE-491AD26CAC5C}.AppStore|iPhone.Build.0 = AppStore|iPhone
		{0BDE50CC-539D-4B4B-8CDE-491AD26CAC5C}.AppStore|iPhoneSimulator.ActiveCfg = AppStore|iPhoneSimulator
		{0BDE50CC-539D-4B4B-8CDE-491AD26CAC5C}.AppStore|iPhoneSimulator.Build.0 = AppStore|iPhoneSimulator
		{0BDE50CC-539D-4B4B-8CDE-491AD26CAC5C}.AppStore|Mixed Platforms.ActiveCfg = AppStore|iPhone
		{0BDE50CC-539D-4B4B-8CDE-491AD26CAC5C}.AppStore|Mixed Platforms.Build.0 = AppStore|iPhone
		{0BDE50CC-539D-4B4B-8CDE-491AD26CAC5C}.AppStore|x64.ActiveCfg = AppStore|iPhone
		{0BDE50CC-539D-4B4B-8CDE-491AD26CAC5C}.AppStore|x86.ActiveCfg = AppStore|iPhone
		{0BDE50CC-539D-4B4B-8CDE-491AD26CAC5C}.Debug|Any CPU.ActiveCfg = Debug|iPhone
		{0BDE50CC-539D-4B4B-8CDE-491AD26CAC5C}.Debug|ARM.ActiveCfg = Debug|iPhone
		{0BDE50CC-539D-4B4B-8CDE-491AD26CAC5C}.Debug|iPhone.ActiveCfg = Debug|iPhone
		{0BDE50CC-539D-4B4B-8CDE-491AD26CAC5C}.Debug|iPhone.Build.0 = Debug|iPhone
		{0BDE50CC-539D-4B4B-8CDE-491AD26CAC5C}.Debug|iPhoneSimulator.ActiveCfg = Debug|iPhoneSimulator
		{0BDE50CC-539D-4B4B-8CDE-491AD26CAC5C}.Debug|iPhoneSimulator.Build.0 = Debug|iPhoneSimulator
		{0BDE50CC-539D-4B4B-8CDE-491AD26CAC5C}.Debug|Mixed Platforms.ActiveCfg = Debug|iPhone
		{0BDE50CC-539D-4B4B-8CDE-491AD26CAC5C}.Debug|Mixed Platforms.Build.0 = Debug|iPhone
		{0BDE50CC-539D-4B4B-8CDE-491AD26CAC5C}.Debug|x64.ActiveCfg = Debug|iPhone
		{0BDE50CC-539D-4B4B-8CDE-491AD26CAC5C}.Debug|x86.ActiveCfg = Debug|iPhone
		{0BDE50CC-539D-4B4B-8CDE-491AD26CAC5C}.Release|Any CPU.ActiveCfg = Release|iPhone
		{0BDE50CC-539D-4B4B-8CDE-491AD26CAC5C}.Release|ARM.ActiveCfg = Release|iPhone
		{0BDE50CC-539D-4B4B-8CDE-491AD26CAC5C}.Release|iPhone.ActiveCfg = Release|iPhone
		{0BDE50CC-539D-4B4B-8CDE-491AD26CAC5C}.Release|iPhone.Build.0 = Release|iPhone
		{0BDE50CC-539D-4B4B-8CDE-491AD26CAC5C}.Release|iPhoneSimulator.ActiveCfg = Release|iPhoneSimulator
		{0BDE50CC-539D-4B4B-8CDE-491AD26CAC5C}.Release|iPhoneSimulator.Build.0 = Release|iPhoneSimulator
		{0BDE50CC-539D-4B4B-8CDE-491AD26CAC5C}.Release|Mixed Platforms.ActiveCfg = Release|iPhone
		{0BDE50CC-539D-4B4B-8CDE-491AD26CAC5C}.Release|Mixed Platforms.Build.0 = Release|iPhone
		{0BDE50CC-539D-4B4B-8CDE-491AD26CAC5C}.Release|x64.ActiveCfg = Release|iPhone
		{0BDE50CC-539D-4B4B-8CDE-491AD26CAC5C}.Release|x86.ActiveCfg = Release|iPhone
		{2E6C0E72-B66A-49FE-8FAF-3C239F200BC5}.Ad-Hoc|Any CPU.ActiveCfg = Release|Any CPU
		{2E6C0E72-B66A-49FE-8FAF-3C239F200BC5}.Ad-Hoc|Any CPU.Build.0 = Release|Any CPU
		{2E6C0E72-B66A-49FE-8FAF-3C239F200BC5}.Ad-Hoc|Any CPU.Deploy.0 = Release|Any CPU
		{2E6C0E72-B66A-49FE-8FAF-3C239F200BC5}.Ad-Hoc|ARM.ActiveCfg = Release|Any CPU
		{2E6C0E72-B66A-49FE-8FAF-3C239F200BC5}.Ad-Hoc|iPhone.ActiveCfg = Release|Any CPU
		{2E6C0E72-B66A-49FE-8FAF-3C239F200BC5}.Ad-Hoc|iPhoneSimulator.ActiveCfg = Release|Any CPU
		{2E6C0E72-B66A-49FE-8FAF-3C239F200BC5}.Ad-Hoc|Mixed Platforms.ActiveCfg = Release|Any CPU
		{2E6C0E72-B66A-49FE-8FAF-3C239F200BC5}.Ad-Hoc|Mixed Platforms.Build.0 = Release|Any CPU
		{2E6C0E72-B66A-49FE-8FAF-3C239F200BC5}.Ad-Hoc|Mixed Platforms.Deploy.0 = Release|Any CPU
		{2E6C0E72-B66A-49FE-8FAF-3C239F200BC5}.Ad-Hoc|x64.ActiveCfg = Release|Any CPU
		{2E6C0E72-B66A-49FE-8FAF-3C239F200BC5}.Ad-Hoc|x86.ActiveCfg = Release|Any CPU
		{2E6C0E72-B66A-49FE-8FAF-3C239F200BC5}.AppStore|Any CPU.ActiveCfg = Release|Any CPU
		{2E6C0E72-B66A-49FE-8FAF-3C239F200BC5}.AppStore|Any CPU.Build.0 = Release|Any CPU
		{2E6C0E72-B66A-49FE-8FAF-3C239F200BC5}.AppStore|Any CPU.Deploy.0 = Release|Any CPU
		{2E6C0E72-B66A-49FE-8FAF-3C239F200BC5}.AppStore|ARM.ActiveCfg = Release|Any CPU
		{2E6C0E72-B66A-49FE-8FAF-3C239F200BC5}.AppStore|iPhone.ActiveCfg = Release|Any CPU
		{2E6C0E72-B66A-49FE-8FAF-3C239F200BC5}.AppStore|iPhoneSimulator.ActiveCfg = Release|Any CPU
		{2E6C0E72-B66A-49FE-8FAF-3C239F200BC5}.AppStore|Mixed Platforms.ActiveCfg = Release|Any CPU
		{2E6C0E72-B66A-49FE-8FAF-3C239F200BC5}.AppStore|Mixed Platforms.Build.0 = Release|Any CPU
		{2E6C0E72-B66A-49FE-8FAF-3C239F200BC5}.AppStore|Mixed Platforms.Deploy.0 = Release|Any CPU
		{2E6C0E72-B66A-49FE-8FAF-3C239F200BC5}.AppStore|x64.ActiveCfg = Release|Any CPU
		{2E6C0E72-B66A-49FE-8FAF-3C239F200BC5}.AppStore|x86.ActiveCfg = Release|Any CPU
		{2E6C0E72-B66A-49FE-8FAF-3C239F200BC5}.Debug|Any CPU.ActiveCfg = Debug|Any CPU
		{2E6C0E72-B66A-49FE-8FAF-3C239F200BC5}.Debug|Any CPU.Build.0 = Debug|Any CPU
		{2E6C0E72-B66A-49FE-8FAF-3C239F200BC5}.Debug|Any CPU.Deploy.0 = Debug|Any CPU
		{2E6C0E72-B66A-49FE-8FAF-3C239F200BC5}.Debug|ARM.ActiveCfg = Debug|Any CPU
		{2E6C0E72-B66A-49FE-8FAF-3C239F200BC5}.Debug|iPhone.ActiveCfg = Debug|Any CPU
		{2E6C0E72-B66A-49FE-8FAF-3C239F200BC5}.Debug|iPhoneSimulator.ActiveCfg = Debug|Any CPU
		{2E6C0E72-B66A-49FE-8FAF-3C239F200BC5}.Debug|Mixed Platforms.ActiveCfg = Debug|Any CPU
		{2E6C0E72-B66A-49FE-8FAF-3C239F200BC5}.Debug|Mixed Platforms.Build.0 = Debug|Any CPU
		{2E6C0E72-B66A-49FE-8FAF-3C239F200BC5}.Debug|Mixed Platforms.Deploy.0 = Debug|Any CPU
		{2E6C0E72-B66A-49FE-8FAF-3C239F200BC5}.Debug|x64.ActiveCfg = Debug|Any CPU
		{2E6C0E72-B66A-49FE-8FAF-3C239F200BC5}.Debug|x86.ActiveCfg = Debug|Any CPU
		{2E6C0E72-B66A-49FE-8FAF-3C239F200BC5}.Release|Any CPU.ActiveCfg = Release|Any CPU
		{2E6C0E72-B66A-49FE-8FAF-3C239F200BC5}.Release|Any CPU.Build.0 = Release|Any CPU
		{2E6C0E72-B66A-49FE-8FAF-3C239F200BC5}.Release|Any CPU.Deploy.0 = Release|Any CPU
		{2E6C0E72-B66A-49FE-8FAF-3C239F200BC5}.Release|ARM.ActiveCfg = Release|Any CPU
		{2E6C0E72-B66A-49FE-8FAF-3C239F200BC5}.Release|iPhone.ActiveCfg = Release|Any CPU
		{2E6C0E72-B66A-49FE-8FAF-3C239F200BC5}.Release|iPhoneSimulator.ActiveCfg = Release|Any CPU
		{2E6C0E72-B66A-49FE-8FAF-3C239F200BC5}.Release|Mixed Platforms.ActiveCfg = Release|Any CPU
		{2E6C0E72-B66A-49FE-8FAF-3C239F200BC5}.Release|Mixed Platforms.Build.0 = Release|Any CPU
		{2E6C0E72-B66A-49FE-8FAF-3C239F200BC5}.Release|Mixed Platforms.Deploy.0 = Release|Any CPU
		{2E6C0E72-B66A-49FE-8FAF-3C239F200BC5}.Release|x64.ActiveCfg = Release|Any CPU
		{2E6C0E72-B66A-49FE-8FAF-3C239F200BC5}.Release|x86.ActiveCfg = Release|Any CPU
		{471A3C4B-44D3-4F99-A6DA-79D589DAFDF3}.Ad-Hoc|Any CPU.ActiveCfg = Release|Any CPU
		{471A3C4B-44D3-4F99-A6DA-79D589DAFDF3}.Ad-Hoc|Any CPU.Build.0 = Release|Any CPU
		{471A3C4B-44D3-4F99-A6DA-79D589DAFDF3}.Ad-Hoc|Any CPU.Deploy.0 = Release|Any CPU
		{471A3C4B-44D3-4F99-A6DA-79D589DAFDF3}.Ad-Hoc|ARM.ActiveCfg = Release|ARM
		{471A3C4B-44D3-4F99-A6DA-79D589DAFDF3}.Ad-Hoc|ARM.Build.0 = Release|ARM
		{471A3C4B-44D3-4F99-A6DA-79D589DAFDF3}.Ad-Hoc|ARM.Deploy.0 = Release|ARM
		{471A3C4B-44D3-4F99-A6DA-79D589DAFDF3}.Ad-Hoc|iPhone.ActiveCfg = Release|Any CPU
		{471A3C4B-44D3-4F99-A6DA-79D589DAFDF3}.Ad-Hoc|iPhoneSimulator.ActiveCfg = Release|Any CPU
		{471A3C4B-44D3-4F99-A6DA-79D589DAFDF3}.Ad-Hoc|Mixed Platforms.ActiveCfg = Release|x86
		{471A3C4B-44D3-4F99-A6DA-79D589DAFDF3}.Ad-Hoc|Mixed Platforms.Build.0 = Release|x86
		{471A3C4B-44D3-4F99-A6DA-79D589DAFDF3}.Ad-Hoc|Mixed Platforms.Deploy.0 = Release|x86
		{471A3C4B-44D3-4F99-A6DA-79D589DAFDF3}.Ad-Hoc|x64.ActiveCfg = Release|x64
		{471A3C4B-44D3-4F99-A6DA-79D589DAFDF3}.Ad-Hoc|x64.Build.0 = Release|x64
		{471A3C4B-44D3-4F99-A6DA-79D589DAFDF3}.Ad-Hoc|x64.Deploy.0 = Release|x64
		{471A3C4B-44D3-4F99-A6DA-79D589DAFDF3}.Ad-Hoc|x86.ActiveCfg = Release|x86
		{471A3C4B-44D3-4F99-A6DA-79D589DAFDF3}.Ad-Hoc|x86.Build.0 = Release|x86
		{471A3C4B-44D3-4F99-A6DA-79D589DAFDF3}.Ad-Hoc|x86.Deploy.0 = Release|x86
		{471A3C4B-44D3-4F99-A6DA-79D589DAFDF3}.AppStore|Any CPU.ActiveCfg = Release|Any CPU
		{471A3C4B-44D3-4F99-A6DA-79D589DAFDF3}.AppStore|Any CPU.Build.0 = Release|Any CPU
		{471A3C4B-44D3-4F99-A6DA-79D589DAFDF3}.AppStore|Any CPU.Deploy.0 = Release|Any CPU
		{471A3C4B-44D3-4F99-A6DA-79D589DAFDF3}.AppStore|ARM.ActiveCfg = Release|ARM
		{471A3C4B-44D3-4F99-A6DA-79D589DAFDF3}.AppStore|ARM.Build.0 = Release|ARM
		{471A3C4B-44D3-4F99-A6DA-79D589DAFDF3}.AppStore|ARM.Deploy.0 = Release|ARM
		{471A3C4B-44D3-4F99-A6DA-79D589DAFDF3}.AppStore|iPhone.ActiveCfg = Release|Any CPU
		{471A3C4B-44D3-4F99-A6DA-79D589DAFDF3}.AppStore|iPhoneSimulator.ActiveCfg = Release|Any CPU
		{471A3C4B-44D3-4F99-A6DA-79D589DAFDF3}.AppStore|Mixed Platforms.ActiveCfg = Release|x86
		{471A3C4B-44D3-4F99-A6DA-79D589DAFDF3}.AppStore|Mixed Platforms.Build.0 = Release|x86
		{471A3C4B-44D3-4F99-A6DA-79D589DAFDF3}.AppStore|Mixed Platforms.Deploy.0 = Release|x86
		{471A3C4B-44D3-4F99-A6DA-79D589DAFDF3}.AppStore|x64.ActiveCfg = Release|x64
		{471A3C4B-44D3-4F99-A6DA-79D589DAFDF3}.AppStore|x64.Build.0 = Release|x64
		{471A3C4B-44D3-4F99-A6DA-79D589DAFDF3}.AppStore|x64.Deploy.0 = Release|x64
		{471A3C4B-44D3-4F99-A6DA-79D589DAFDF3}.AppStore|x86.ActiveCfg = Release|x86
		{471A3C4B-44D3-4F99-A6DA-79D589DAFDF3}.AppStore|x86.Build.0 = Release|x86
		{471A3C4B-44D3-4F99-A6DA-79D589DAFDF3}.AppStore|x86.Deploy.0 = Release|x86
		{471A3C4B-44D3-4F99-A6DA-79D589DAFDF3}.Debug|Any CPU.ActiveCfg = Debug|Any CPU
		{471A3C4B-44D3-4F99-A6DA-79D589DAFDF3}.Debug|Any CPU.Build.0 = Debug|Any CPU
		{471A3C4B-44D3-4F99-A6DA-79D589DAFDF3}.Debug|Any CPU.Deploy.0 = Debug|Any CPU
		{471A3C4B-44D3-4F99-A6DA-79D589DAFDF3}.Debug|ARM.ActiveCfg = Debug|ARM
		{471A3C4B-44D3-4F99-A6DA-79D589DAFDF3}.Debug|ARM.Build.0 = Debug|ARM
		{471A3C4B-44D3-4F99-A6DA-79D589DAFDF3}.Debug|ARM.Deploy.0 = Debug|ARM
		{471A3C4B-44D3-4F99-A6DA-79D589DAFDF3}.Debug|iPhone.ActiveCfg = Debug|Any CPU
		{471A3C4B-44D3-4F99-A6DA-79D589DAFDF3}.Debug|iPhoneSimulator.ActiveCfg = Debug|Any CPU
		{471A3C4B-44D3-4F99-A6DA-79D589DAFDF3}.Debug|Mixed Platforms.ActiveCfg = Debug|x86
		{471A3C4B-44D3-4F99-A6DA-79D589DAFDF3}.Debug|Mixed Platforms.Build.0 = Debug|x86
		{471A3C4B-44D3-4F99-A6DA-79D589DAFDF3}.Debug|Mixed Platforms.Deploy.0 = Debug|x86
		{471A3C4B-44D3-4F99-A6DA-79D589DAFDF3}.Debug|x64.ActiveCfg = Debug|x64
		{471A3C4B-44D3-4F99-A6DA-79D589DAFDF3}.Debug|x64.Build.0 = Debug|x64
		{471A3C4B-44D3-4F99-A6DA-79D589DAFDF3}.Debug|x64.Deploy.0 = Debug|x64
		{471A3C4B-44D3-4F99-A6DA-79D589DAFDF3}.Debug|x86.ActiveCfg = Debug|x86
		{471A3C4B-44D3-4F99-A6DA-79D589DAFDF3}.Debug|x86.Build.0 = Debug|x86
		{471A3C4B-44D3-4F99-A6DA-79D589DAFDF3}.Debug|x86.Deploy.0 = Debug|x86
		{471A3C4B-44D3-4F99-A6DA-79D589DAFDF3}.Release|Any CPU.ActiveCfg = Release|Any CPU
		{471A3C4B-44D3-4F99-A6DA-79D589DAFDF3}.Release|Any CPU.Build.0 = Release|Any CPU
		{471A3C4B-44D3-4F99-A6DA-79D589DAFDF3}.Release|Any CPU.Deploy.0 = Release|Any CPU
		{471A3C4B-44D3-4F99-A6DA-79D589DAFDF3}.Release|ARM.ActiveCfg = Release|ARM
		{471A3C4B-44D3-4F99-A6DA-79D589DAFDF3}.Release|ARM.Build.0 = Release|ARM
		{471A3C4B-44D3-4F99-A6DA-79D589DAFDF3}.Release|ARM.Deploy.0 = Release|ARM
		{471A3C4B-44D3-4F99-A6DA-79D589DAFDF3}.Release|iPhone.ActiveCfg = Release|Any CPU
		{471A3C4B-44D3-4F99-A6DA-79D589DAFDF3}.Release|iPhoneSimulator.ActiveCfg = Release|Any CPU
		{471A3C4B-44D3-4F99-A6DA-79D589DAFDF3}.Release|Mixed Platforms.ActiveCfg = Release|x86
		{471A3C4B-44D3-4F99-A6DA-79D589DAFDF3}.Release|Mixed Platforms.Build.0 = Release|x86
		{471A3C4B-44D3-4F99-A6DA-79D589DAFDF3}.Release|Mixed Platforms.Deploy.0 = Release|x86
		{471A3C4B-44D3-4F99-A6DA-79D589DAFDF3}.Release|x64.ActiveCfg = Release|x64
		{471A3C4B-44D3-4F99-A6DA-79D589DAFDF3}.Release|x64.Build.0 = Release|x64
		{471A3C4B-44D3-4F99-A6DA-79D589DAFDF3}.Release|x64.Deploy.0 = Release|x64
		{471A3C4B-44D3-4F99-A6DA-79D589DAFDF3}.Release|x86.ActiveCfg = Release|x86
		{471A3C4B-44D3-4F99-A6DA-79D589DAFDF3}.Release|x86.Build.0 = Release|x86
		{471A3C4B-44D3-4F99-A6DA-79D589DAFDF3}.Release|x86.Deploy.0 = Release|x86
		{2A112979-14A7-483E-B431-12D83D143DF3}.Ad-Hoc|Any CPU.ActiveCfg = Release|Any CPU
		{2A112979-14A7-483E-B431-12D83D143DF3}.Ad-Hoc|Any CPU.Build.0 = Release|Any CPU
		{2A112979-14A7-483E-B431-12D83D143DF3}.Ad-Hoc|Any CPU.Deploy.0 = Release|Any CPU
		{2A112979-14A7-483E-B431-12D83D143DF3}.Ad-Hoc|ARM.ActiveCfg = Release|ARM
		{2A112979-14A7-483E-B431-12D83D143DF3}.Ad-Hoc|ARM.Build.0 = Release|ARM
		{2A112979-14A7-483E-B431-12D83D143DF3}.Ad-Hoc|ARM.Deploy.0 = Release|ARM
		{2A112979-14A7-483E-B431-12D83D143DF3}.Ad-Hoc|iPhone.ActiveCfg = Release|Any CPU
		{2A112979-14A7-483E-B431-12D83D143DF3}.Ad-Hoc|iPhoneSimulator.ActiveCfg = Release|Any CPU
		{2A112979-14A7-483E-B431-12D83D143DF3}.Ad-Hoc|Mixed Platforms.ActiveCfg = Release|x86
		{2A112979-14A7-483E-B431-12D83D143DF3}.Ad-Hoc|Mixed Platforms.Build.0 = Release|x86
		{2A112979-14A7-483E-B431-12D83D143DF3}.Ad-Hoc|Mixed Platforms.Deploy.0 = Release|x86
		{2A112979-14A7-483E-B431-12D83D143DF3}.Ad-Hoc|x64.ActiveCfg = Release|Any CPU
		{2A112979-14A7-483E-B431-12D83D143DF3}.Ad-Hoc|x86.ActiveCfg = Release|x86
		{2A112979-14A7-483E-B431-12D83D143DF3}.Ad-Hoc|x86.Build.0 = Release|x86
		{2A112979-14A7-483E-B431-12D83D143DF3}.Ad-Hoc|x86.Deploy.0 = Release|x86
		{2A112979-14A7-483E-B431-12D83D143DF3}.AppStore|Any CPU.ActiveCfg = Release|Any CPU
		{2A112979-14A7-483E-B431-12D83D143DF3}.AppStore|Any CPU.Build.0 = Release|Any CPU
		{2A112979-14A7-483E-B431-12D83D143DF3}.AppStore|Any CPU.Deploy.0 = Release|Any CPU
		{2A112979-14A7-483E-B431-12D83D143DF3}.AppStore|ARM.ActiveCfg = Release|ARM
		{2A112979-14A7-483E-B431-12D83D143DF3}.AppStore|ARM.Build.0 = Release|ARM
		{2A112979-14A7-483E-B431-12D83D143DF3}.AppStore|ARM.Deploy.0 = Release|ARM
		{2A112979-14A7-483E-B431-12D83D143DF3}.AppStore|iPhone.ActiveCfg = Release|Any CPU
		{2A112979-14A7-483E-B431-12D83D143DF3}.AppStore|iPhoneSimulator.ActiveCfg = Release|Any CPU
		{2A112979-14A7-483E-B431-12D83D143DF3}.AppStore|Mixed Platforms.ActiveCfg = Release|x86
		{2A112979-14A7-483E-B431-12D83D143DF3}.AppStore|Mixed Platforms.Build.0 = Release|x86
		{2A112979-14A7-483E-B431-12D83D143DF3}.AppStore|Mixed Platforms.Deploy.0 = Release|x86
		{2A112979-14A7-483E-B431-12D83D143DF3}.AppStore|x64.ActiveCfg = Release|Any CPU
		{2A112979-14A7-483E-B431-12D83D143DF3}.AppStore|x86.ActiveCfg = Release|x86
		{2A112979-14A7-483E-B431-12D83D143DF3}.AppStore|x86.Build.0 = Release|x86
		{2A112979-14A7-483E-B431-12D83D143DF3}.AppStore|x86.Deploy.0 = Release|x86
		{2A112979-14A7-483E-B431-12D83D143DF3}.Debug|Any CPU.ActiveCfg = Debug|Any CPU
		{2A112979-14A7-483E-B431-12D83D143DF3}.Debug|Any CPU.Build.0 = Debug|Any CPU
		{2A112979-14A7-483E-B431-12D83D143DF3}.Debug|Any CPU.Deploy.0 = Debug|Any CPU
		{2A112979-14A7-483E-B431-12D83D143DF3}.Debug|ARM.ActiveCfg = Debug|ARM
		{2A112979-14A7-483E-B431-12D83D143DF3}.Debug|ARM.Build.0 = Debug|ARM
		{2A112979-14A7-483E-B431-12D83D143DF3}.Debug|ARM.Deploy.0 = Debug|ARM
		{2A112979-14A7-483E-B431-12D83D143DF3}.Debug|iPhone.ActiveCfg = Debug|Any CPU
		{2A112979-14A7-483E-B431-12D83D143DF3}.Debug|iPhoneSimulator.ActiveCfg = Debug|Any CPU
		{2A112979-14A7-483E-B431-12D83D143DF3}.Debug|Mixed Platforms.ActiveCfg = Debug|x86
		{2A112979-14A7-483E-B431-12D83D143DF3}.Debug|Mixed Platforms.Build.0 = Debug|x86
		{2A112979-14A7-483E-B431-12D83D143DF3}.Debug|Mixed Platforms.Deploy.0 = Debug|x86
		{2A112979-14A7-483E-B431-12D83D143DF3}.Debug|x64.ActiveCfg = Debug|Any CPU
		{2A112979-14A7-483E-B431-12D83D143DF3}.Debug|x86.ActiveCfg = Debug|x86
		{2A112979-14A7-483E-B431-12D83D143DF3}.Debug|x86.Build.0 = Debug|x86
		{2A112979-14A7-483E-B431-12D83D143DF3}.Debug|x86.Deploy.0 = Debug|x86
		{2A112979-14A7-483E-B431-12D83D143DF3}.Release|Any CPU.ActiveCfg = Release|Any CPU
		{2A112979-14A7-483E-B431-12D83D143DF3}.Release|Any CPU.Build.0 = Release|Any CPU
		{2A112979-14A7-483E-B431-12D83D143DF3}.Release|Any CPU.Deploy.0 = Release|Any CPU
		{2A112979-14A7-483E-B431-12D83D143DF3}.Release|ARM.ActiveCfg = Release|ARM
		{2A112979-14A7-483E-B431-12D83D143DF3}.Release|ARM.Build.0 = Release|ARM
		{2A112979-14A7-483E-B431-12D83D143DF3}.Release|ARM.Deploy.0 = Release|ARM
		{2A112979-14A7-483E-B431-12D83D143DF3}.Release|iPhone.ActiveCfg = Release|Any CPU
		{2A112979-14A7-483E-B431-12D83D143DF3}.Release|iPhoneSimulator.ActiveCfg = Release|Any CPU
		{2A112979-14A7-483E-B431-12D83D143DF3}.Release|Mixed Platforms.ActiveCfg = Release|x86
		{2A112979-14A7-483E-B431-12D83D143DF3}.Release|Mixed Platforms.Build.0 = Release|x86
		{2A112979-14A7-483E-B431-12D83D143DF3}.Release|Mixed Platforms.Deploy.0 = Release|x86
		{2A112979-14A7-483E-B431-12D83D143DF3}.Release|x64.ActiveCfg = Release|Any CPU
		{2A112979-14A7-483E-B431-12D83D143DF3}.Release|x86.ActiveCfg = Release|x86
		{2A112979-14A7-483E-B431-12D83D143DF3}.Release|x86.Build.0 = Release|x86
		{2A112979-14A7-483E-B431-12D83D143DF3}.Release|x86.Deploy.0 = Release|x86
		{E7D000FE-37B5-4378-AA31-D3092541F908}.Ad-Hoc|Any CPU.ActiveCfg = Release|Any CPU
		{E7D000FE-37B5-4378-AA31-D3092541F908}.Ad-Hoc|Any CPU.Build.0 = Release|Any CPU
		{E7D000FE-37B5-4378-AA31-D3092541F908}.Ad-Hoc|ARM.ActiveCfg = Release|Any CPU
		{E7D000FE-37B5-4378-AA31-D3092541F908}.Ad-Hoc|iPhone.ActiveCfg = Release|Any CPU
		{E7D000FE-37B5-4378-AA31-D3092541F908}.Ad-Hoc|iPhoneSimulator.ActiveCfg = Release|Any CPU
		{E7D000FE-37B5-4378-AA31-D3092541F908}.Ad-Hoc|Mixed Platforms.ActiveCfg = Release|Any CPU
		{E7D000FE-37B5-4378-AA31-D3092541F908}.Ad-Hoc|Mixed Platforms.Build.0 = Release|Any CPU
		{E7D000FE-37B5-4378-AA31-D3092541F908}.Ad-Hoc|x64.ActiveCfg = Release|Any CPU
		{E7D000FE-37B5-4378-AA31-D3092541F908}.Ad-Hoc|x86.ActiveCfg = Release|Any CPU
		{E7D000FE-37B5-4378-AA31-D3092541F908}.AppStore|Any CPU.ActiveCfg = Release|Any CPU
		{E7D000FE-37B5-4378-AA31-D3092541F908}.AppStore|Any CPU.Build.0 = Release|Any CPU
		{E7D000FE-37B5-4378-AA31-D3092541F908}.AppStore|ARM.ActiveCfg = Release|Any CPU
		{E7D000FE-37B5-4378-AA31-D3092541F908}.AppStore|iPhone.ActiveCfg = Release|Any CPU
		{E7D000FE-37B5-4378-AA31-D3092541F908}.AppStore|iPhoneSimulator.ActiveCfg = Release|Any CPU
		{E7D000FE-37B5-4378-AA31-D3092541F908}.AppStore|Mixed Platforms.ActiveCfg = Release|Any CPU
		{E7D000FE-37B5-4378-AA31-D3092541F908}.AppStore|Mixed Platforms.Build.0 = Release|Any CPU
		{E7D000FE-37B5-4378-AA31-D3092541F908}.AppStore|x64.ActiveCfg = Release|Any CPU
		{E7D000FE-37B5-4378-AA31-D3092541F908}.AppStore|x86.ActiveCfg = Release|Any CPU
		{E7D000FE-37B5-4378-AA31-D3092541F908}.Debug|Any CPU.ActiveCfg = Debug|Any CPU
		{E7D000FE-37B5-4378-AA31-D3092541F908}.Debug|Any CPU.Build.0 = Debug|Any CPU
		{E7D000FE-37B5-4378-AA31-D3092541F908}.Debug|ARM.ActiveCfg = Debug|Any CPU
		{E7D000FE-37B5-4378-AA31-D3092541F908}.Debug|iPhone.ActiveCfg = Debug|Any CPU
		{E7D000FE-37B5-4378-AA31-D3092541F908}.Debug|iPhoneSimulator.ActiveCfg = Debug|Any CPU
		{E7D000FE-37B5-4378-AA31-D3092541F908}.Debug|Mixed Platforms.ActiveCfg = Debug|Any CPU
		{E7D000FE-37B5-4378-AA31-D3092541F908}.Debug|Mixed Platforms.Build.0 = Debug|Any CPU
		{E7D000FE-37B5-4378-AA31-D3092541F908}.Debug|x64.ActiveCfg = Debug|Any CPU
		{E7D000FE-37B5-4378-AA31-D3092541F908}.Debug|x86.ActiveCfg = Debug|Any CPU
		{E7D000FE-37B5-4378-AA31-D3092541F908}.Release|Any CPU.ActiveCfg = Release|Any CPU
		{E7D000FE-37B5-4378-AA31-D3092541F908}.Release|Any CPU.Build.0 = Release|Any CPU
		{E7D000FE-37B5-4378-AA31-D3092541F908}.Release|ARM.ActiveCfg = Release|Any CPU
		{E7D000FE-37B5-4378-AA31-D3092541F908}.Release|iPhone.ActiveCfg = Release|Any CPU
		{E7D000FE-37B5-4378-AA31-D3092541F908}.Release|iPhoneSimulator.ActiveCfg = Release|Any CPU
		{E7D000FE-37B5-4378-AA31-D3092541F908}.Release|Mixed Platforms.ActiveCfg = Release|Any CPU
		{E7D000FE-37B5-4378-AA31-D3092541F908}.Release|Mixed Platforms.Build.0 = Release|Any CPU
		{E7D000FE-37B5-4378-AA31-D3092541F908}.Release|x64.ActiveCfg = Release|Any CPU
		{E7D000FE-37B5-4378-AA31-D3092541F908}.Release|x86.ActiveCfg = Release|Any CPU
		{4018765D-A3EB-43C8-9A58-0C0CD814B479}.Ad-Hoc|Any CPU.ActiveCfg = Release|Any CPU
		{4018765D-A3EB-43C8-9A58-0C0CD814B479}.Ad-Hoc|Any CPU.Build.0 = Release|Any CPU
		{4018765D-A3EB-43C8-9A58-0C0CD814B479}.Ad-Hoc|ARM.ActiveCfg = Release|Any CPU
		{4018765D-A3EB-43C8-9A58-0C0CD814B479}.Ad-Hoc|ARM.Build.0 = Release|Any CPU
		{4018765D-A3EB-43C8-9A58-0C0CD814B479}.Ad-Hoc|iPhone.ActiveCfg = Release|Any CPU
		{4018765D-A3EB-43C8-9A58-0C0CD814B479}.Ad-Hoc|iPhone.Build.0 = Release|Any CPU
		{4018765D-A3EB-43C8-9A58-0C0CD814B479}.Ad-Hoc|iPhoneSimulator.ActiveCfg = Release|Any CPU
		{4018765D-A3EB-43C8-9A58-0C0CD814B479}.Ad-Hoc|iPhoneSimulator.Build.0 = Release|Any CPU
		{4018765D-A3EB-43C8-9A58-0C0CD814B479}.Ad-Hoc|Mixed Platforms.ActiveCfg = Release|Any CPU
		{4018765D-A3EB-43C8-9A58-0C0CD814B479}.Ad-Hoc|Mixed Platforms.Build.0 = Release|Any CPU
		{4018765D-A3EB-43C8-9A58-0C0CD814B479}.Ad-Hoc|x64.ActiveCfg = Release|Any CPU
		{4018765D-A3EB-43C8-9A58-0C0CD814B479}.Ad-Hoc|x64.Build.0 = Release|Any CPU
		{4018765D-A3EB-43C8-9A58-0C0CD814B479}.Ad-Hoc|x86.ActiveCfg = Release|Any CPU
		{4018765D-A3EB-43C8-9A58-0C0CD814B479}.Ad-Hoc|x86.Build.0 = Release|Any CPU
		{4018765D-A3EB-43C8-9A58-0C0CD814B479}.AppStore|Any CPU.ActiveCfg = Release|Any CPU
		{4018765D-A3EB-43C8-9A58-0C0CD814B479}.AppStore|Any CPU.Build.0 = Release|Any CPU
		{4018765D-A3EB-43C8-9A58-0C0CD814B479}.AppStore|ARM.ActiveCfg = Release|Any CPU
		{4018765D-A3EB-43C8-9A58-0C0CD814B479}.AppStore|ARM.Build.0 = Release|Any CPU
		{4018765D-A3EB-43C8-9A58-0C0CD814B479}.AppStore|iPhone.ActiveCfg = Release|Any CPU
		{4018765D-A3EB-43C8-9A58-0C0CD814B479}.AppStore|iPhone.Build.0 = Release|Any CPU
		{4018765D-A3EB-43C8-9A58-0C0CD814B479}.AppStore|iPhoneSimulator.ActiveCfg = Release|Any CPU
		{4018765D-A3EB-43C8-9A58-0C0CD814B479}.AppStore|iPhoneSimulator.Build.0 = Release|Any CPU
		{4018765D-A3EB-43C8-9A58-0C0CD814B479}.AppStore|Mixed Platforms.ActiveCfg = Release|Any CPU
		{4018765D-A3EB-43C8-9A58-0C0CD814B479}.AppStore|Mixed Platforms.Build.0 = Release|Any CPU
		{4018765D-A3EB-43C8-9A58-0C0CD814B479}.AppStore|x64.ActiveCfg = Release|Any CPU
		{4018765D-A3EB-43C8-9A58-0C0CD814B479}.AppStore|x64.Build.0 = Release|Any CPU
		{4018765D-A3EB-43C8-9A58-0C0CD814B479}.AppStore|x86.ActiveCfg = Release|Any CPU
		{4018765D-A3EB-43C8-9A58-0C0CD814B479}.AppStore|x86.Build.0 = Release|Any CPU
		{4018765D-A3EB-43C8-9A58-0C0CD814B479}.Debug|Any CPU.ActiveCfg = Debug|Any CPU
		{4018765D-A3EB-43C8-9A58-0C0CD814B479}.Debug|Any CPU.Build.0 = Debug|Any CPU
		{4018765D-A3EB-43C8-9A58-0C0CD814B479}.Debug|ARM.ActiveCfg = Debug|Any CPU
		{4018765D-A3EB-43C8-9A58-0C0CD814B479}.Debug|ARM.Build.0 = Debug|Any CPU
		{4018765D-A3EB-43C8-9A58-0C0CD814B479}.Debug|iPhone.ActiveCfg = Debug|Any CPU
		{4018765D-A3EB-43C8-9A58-0C0CD814B479}.Debug|iPhone.Build.0 = Debug|Any CPU
		{4018765D-A3EB-43C8-9A58-0C0CD814B479}.Debug|iPhoneSimulator.ActiveCfg = Debug|Any CPU
		{4018765D-A3EB-43C8-9A58-0C0CD814B479}.Debug|iPhoneSimulator.Build.0 = Debug|Any CPU
		{4018765D-A3EB-43C8-9A58-0C0CD814B479}.Debug|Mixed Platforms.ActiveCfg = Debug|Any CPU
		{4018765D-A3EB-43C8-9A58-0C0CD814B479}.Debug|Mixed Platforms.Build.0 = Debug|Any CPU
		{4018765D-A3EB-43C8-9A58-0C0CD814B479}.Debug|x64.ActiveCfg = Debug|Any CPU
		{4018765D-A3EB-43C8-9A58-0C0CD814B479}.Debug|x64.Build.0 = Debug|Any CPU
		{4018765D-A3EB-43C8-9A58-0C0CD814B479}.Debug|x86.ActiveCfg = Debug|Any CPU
		{4018765D-A3EB-43C8-9A58-0C0CD814B479}.Debug|x86.Build.0 = Debug|Any CPU
		{4018765D-A3EB-43C8-9A58-0C0CD814B479}.Release|Any CPU.ActiveCfg = Release|Any CPU
		{4018765D-A3EB-43C8-9A58-0C0CD814B479}.Release|Any CPU.Build.0 = Release|Any CPU
		{4018765D-A3EB-43C8-9A58-0C0CD814B479}.Release|ARM.ActiveCfg = Release|Any CPU
		{4018765D-A3EB-43C8-9A58-0C0CD814B479}.Release|ARM.Build.0 = Release|Any CPU
		{4018765D-A3EB-43C8-9A58-0C0CD814B479}.Release|iPhone.ActiveCfg = Release|Any CPU
		{4018765D-A3EB-43C8-9A58-0C0CD814B479}.Release|iPhone.Build.0 = Release|Any CPU
		{4018765D-A3EB-43C8-9A58-0C0CD814B479}.Release|iPhoneSimulator.ActiveCfg = Release|Any CPU
		{4018765D-A3EB-43C8-9A58-0C0CD814B479}.Release|iPhoneSimulator.Build.0 = Release|Any CPU
		{4018765D-A3EB-43C8-9A58-0C0CD814B479}.Release|Mixed Platforms.ActiveCfg = Release|Any CPU
		{4018765D-A3EB-43C8-9A58-0C0CD814B479}.Release|Mixed Platforms.Build.0 = Release|Any CPU
		{4018765D-A3EB-43C8-9A58-0C0CD814B479}.Release|x64.ActiveCfg = Release|Any CPU
		{4018765D-A3EB-43C8-9A58-0C0CD814B479}.Release|x64.Build.0 = Release|Any CPU
		{4018765D-A3EB-43C8-9A58-0C0CD814B479}.Release|x86.ActiveCfg = Release|Any CPU
		{4018765D-A3EB-43C8-9A58-0C0CD814B479}.Release|x86.Build.0 = Release|Any CPU
	EndGlobalSection
	GlobalSection(SolutionProperties) = preSolution
		HideSolutionNode = FALSE
	EndGlobalSection
EndGlobal
